{
  "name": "my-ai-image",
  "lockfileVersion": 3,
  "requires": true,
  "packages": {
    "": {
      "dependencies": {
        "@cloudflare/pages-plugin-turnstile": "^1.0.2",
        "jose": "^5.9.6"
      }
    },
    "node_modules/@cloudflare/pages-plugin-turnstile": {
      "version": "1.0.2",
      "resolved": "https://registry.npmjs.org/@cloudflare/pages-plugin-turnstile/-/pages-plugin-turnstile-1.0.2.tgz",
      "integrity": "sha512-vKPqN/guV1sk/t8TUIZEGlrlld3iwmfdbuWex8jbhUmv/9ozf2HmBjVBYgnr5q7UPjQsWB7hwqZsx8z3k+BkyQ==",
      "license": "MIT"
    },
    "node_modules/jose": {
      "version": "5.9.6",
      "resolved": "https://registry.npmjs.org/jose/-/jose-5.9.6.tgz",
      "integrity": "sha512-AMlnetc9+CV9asI19zHmrgS/WYsWUwCn2R7RzlbJWD7F9eWYUTGyBmU9o6PxngtLGOiDGPRu+Uc4fhKzbpteZQ==",
      "license": "MIT",
      "funding": {
        "url": "https://github.com/sponsors/panva"
      }
    }
  }
}
