{
  "name": "my-ai-image",
  "lockfileVersion": 3,
  "requires": true,
  "packages": {
    "": {
      "dependencies": {
        "@cloudflare/pages-plugin-turnstile": "^1.0.2"
      }
    },
    "node_modules/@cloudflare/pages-plugin-turnstile": {
      "version": "1.0.2",
      "resolved": "https://registry.npmjs.org/@cloudflare/pages-plugin-turnstile/-/pages-plugin-turnstile-1.0.2.tgz",
      "integrity": "sha512-vKPqN/guV1sk/t8TUIZEGlrlld3iwmfdbuWex8jbhUmv/9ozf2HmBjVBYgnr5q7UPjQsWB7hwqZsx8z3k+BkyQ==",
      "license": "MIT"
    }
  }
}
